// !$*UTF8*$!
{
	archiveVersion = 1;
	classes = {
	};
	objectVersion = 77;
	objects = {

/* Begin PBXBuildFile section */
		0FAA000330526609002B12E9 /* Uhm in Frameworks */ = {isa = PBXBuildFile; productRef = 0FAA000230526609002B12E9 /* Uhm */; };
/* End PBXBuildFile section */

/* Begin PBXContainerItemProxy section */
		0F311FC030526609002B12E9 /* PBXContainerItemProxy */ = {
			isa = PBXContainerItemProxy;
			containerPortal = 0F311FAA30526608002B12E9 /* Project object */;
			proxyType = 1;
			remoteGlobalIDString = 0F311FB130526608002B12E9;
			remoteInfo = Umless;
		};
		0F311FCA30526609002B12E9 /* PBXContainerItemProxy */ = {
			isa = PBXContainerItemProxy;
			containerPortal = 0F311FAA30526608002B12E9 /* Project object */;
			proxyType = 1;
			remoteGlobalIDString = 0F311FB130526608002B12E9;
			remoteInfo = Umless;
		};
/* End PBXContainerItemProxy section */

/* Begin PBXFileReference section */
		0F311FB230526608002B12E9 /* Umless.app */ = {isa = PBXFileReference; explicitFileType = wrapper.application; includeInIndex = 0; path = Umless.app; sourceTree = BUILT_PRODUCTS_DIR; };
		0F311FBF30526609002B12E9 /* UmlessTests.xctest */ = {isa = PBXFileReference; explicitFileType = wrapper.cfbundle; includeInIndex = 0; path = UmlessTests.xctest; sourceTree = BUILT_PRODUCTS_DIR; };
		0F311FC930526609002B12E9 /* UmlessUITests.xctest */ = {isa = PBXFileReference; explicitFileType = wrapper.cfbundle; includeInIndex = 0; path = UmlessUITests.xctest; sourceTree = BUILT_PRODUCTS_DIR; };
/* End PBXFileReference section */

/* Begin PBXFileSystemSynchronizedRootGroup section */
		0F311FB430526608002B12E9 /* Umless */ = {
			isa = PBXFileSystemSynchronizedRootGroup;
			path = Umless;
			sourceTree = "<group>";
		};
		0F311FC230526609002B12E9 /* UmlessTests */ = {
			isa = PBXFileSystemSynchronizedRootGroup;
			path = UmlessTests;
			sourceTree = "<group>";
		};
		0F311FCC30526609002B12E9 /* UmlessUITests */ = {
			isa = PBXFileSystemSynchronizedRootGroup;
			path = UmlessUITests;
			sourceTree = "<group>";
		};
/* End PBXFileSystemSynchronizedRootGroup section */

/* Begin PBXFrameworksBuildPhase section */
		0F311FAF30526608002B12E9 /* Frameworks */ = {
			isa = PBXFrameworksBuildPhase;
			buildActionMask = 2147483647;
			files = (
				0FAA000330526609002B12E9 /* Uhm in Frameworks */,
			);
			runOnlyForDeploymentPostprocessing = 0;
		};
		0F311FBC30526609002B12E9 /* Frameworks */ = {
			isa = PBXFrameworksBuildPhase;
			buildActionMask = 2147483647;
			files = (
			);
			runOnlyForDeploymentPostprocessing = 0;
		};
		0F311FC630526609002B12E9 /* Frameworks */ = {
			isa = PBXFrameworksBuildPhase;
			buildActionMask = 2147483647;
			files = (
			);
			runOnlyForDeploymentPostprocessing = 0;
		};
/* End PBXFrameworksBuildPhase section */

/* Begin PBXGroup section */
		0F311FA930526608002B12E9 = {
			isa = PBXGroup;
			children = (
				0F311FB430526608002B12E9 /* Umless */,
				0F311FC230526609002B12E9 /* UmlessTests */,
				0F311FCC30526609002B12E9 /* UmlessUITests */,
				0F311FB330526608002B12E9 /* Products */,
			);
			sourceTree = "<group>";
		};
		0F311FB330526608002B12E9 /* Products */ = {
			isa = PBXGroup;
			children = (
				0F311FB230526608002B12E9 /* Umless.app */,
				0F311FBF30526609002B12E9 /* UmlessTests.xctest */,
				0F311FC930526609002B12E9 /* UmlessUITests.xctest */,
			);
			name = Products;
			sourceTree = "<group>";
		};
/* End PBXGroup section */

/* Begin PBXNativeTarget section */
		0F311FB130526608002B12E9 /* Umless */ = {
			isa = PBXNativeTarget;
			buildConfigurationList = 0F311FD330526609002B12E9 /* Build configuration list for PBXNativeTarget "Umless" */;
			buildPhases = (
				0F311FAE30526608002B12E9 /* Sources */,
				0F311FAF30526608002B12E9 /* Frameworks */,
				0F311FB030526608002B12E9 /* Resources */,
			);
			buildRules = (
			);
			dependencies = (
			);
			fileSystemSynchronizedGroups = (
				0F311FB430526608002B12E9 /* Umless */,
			);
			name = Umless;
			packageProductDependencies = (
				0FAA000230526609002B12E9 /* Uhm */,
			);
			productName = Umless;
			productReference = 0F311FB230526608002B12E9 /* Umless.app */;
			productType = "com.apple.product-type.application";
		};
		0F311FBE30526609002B12E9 /* UmlessTests */ = {
			isa = PBXNativeTarget;
			buildConfigurationList = 0F311FD630526609002B12E9 /* Build configuration list for PBXNativeTarget "UmlessTests" */;
			buildPhases = (
				0F311FBB30526609002B12E9 /* Sources */,
				0F311FBC30526609002B12E9 /* Frameworks */,
				0F311FBD30526609002B12E9 /* Resources */,
			);
			buildRules = (
			);
			dependencies = (
				0F311FC130526609002B12E9 /* PBXTargetDependency */,
			);
			fileSystemSynchronizedGroups = (
				0F311FC230526609002B12E9 /* UmlessTests */,
			);
			name = UmlessTests;
			packageProductDependencies = (
			);
			productName = UmlessTests;
			productReference = 0F311FBF30526609002B12E9 /* UmlessTests.xctest */;
			productType = "com.apple.product-type.bundle.unit-test";
		};
		0F311FC830526609002B12E9 /* UmlessUITests */ = {
			isa = PBXNativeTarget;
			buildConfigurationList = 0F311FD930526609002B12E9 /* Build configuration list for PBXNativeTarget "UmlessUITests" */;
			buildPhases = (
				0F311FC530526609002B12E9 /* Sources */,
				0F311FC630526609002B12E9 /* Frameworks */,
				0F311FC730526609002B12E9 /* Resources */,
			);
			buildRules = (
			);
			dependencies = (
				0F311FCB30526609002B12E9 /* PBXTargetDependency */,
			);
			fileSystemSynchronizedGroups = (
				0F311FCC30526609002B12E9 /* UmlessUITests */,
			);
			name = UmlessUITests;
			packageProductDependencies = (
			);
			productName = UmlessUITests;
			productReference = 0F311FC930526609002B12E9 /* UmlessUITests.xctest */;
			productType = "com.apple.product-type.bundle.ui-testing";
		};
/* End PBXNativeTarget section */

/* Begin PBXProject section */
		0F311FAA30526608002B12E9 /* Project object */ = {
			isa = PBXProject;
			attributes = {
				BuildIndependentTargetsInParallel = 1;
				LastSwiftUpdateCheck = 2660;
				LastUpgradeCheck = 2660;
				TargetAttributes = {
					0F311FB130526608002B12E9 = {
						CreatedOnToolsVersion = 26.6;
					};
					0F311FBE30526609002B12E9 = {
						CreatedOnToolsVersion = 26.6;
						TestTargetID = 0F311FB130526608002B12E9;
					};
					0F311FC830526609002B12E9 = {
						CreatedOnToolsVersion = 26.6;
						TestTargetID = 0F311FB130526608002B12E9;
					};
				};
			};
			buildConfigurationList = 0F311FAD30526608002B12E9 /* Build configuration list for PBXProject "Umless" */;
			developmentRegion = en;
			hasScannedForEncodings = 0;
			knownRegions = (
				en,
				Base,
				"zh-Hans",
				"zh-Hant",
			);
			mainGroup = 0F311FA930526608002B12E9;
			minimizedProjectReferenceProxies = 1;
			packageReferences = (
				0FAA000130526609002B12E9 /* XCRemoteSwiftPackageReference "desert-ant-core" */,
			);
			preferredProjectObjectVersion = 77;
			productRefGroup = 0F311FB330526608002B12E9 /* Products */;
			projectDirPath = "";
			projectRoot = "";
			targets = (
				0F311FB130526608002B12E9 /* Umless */,
				0F311FBE30526609002B12E9 /* UmlessTests */,
				0F311FC830526609002B12E9 /* UmlessUITests */,
			);
		};
/* End PBXProject section */

/* Begin PBXResourcesBuildPhase section */
		0F311FB030526608002B12E9 /* Resources */ = {
			isa = PBXResourcesBuildPhase;
			buildActionMask = 2147483647;
			files = (
			);
			runOnlyForDeploymentPostprocessing = 0;
		};
		0F311FBD30526609002B12E9 /* Resources */ = {
			isa = PBXResourcesBuildPhase;
			buildActionMask = 2147483647;
			files = (
			);
			runOnlyForDeploymentPostprocessing = 0;
		};
		0F311FC730526609002B12E9 /* Resources */ = {
			isa = PBXResourcesBuildPhase;
			buildActionMask = 2147483647;
			files = (
			);
			runOnlyForDeploymentPostprocessing = 0;
		};
/* End PBXResourcesBuildPhase section */

/* Begin PBXSourcesBuildPhase section */
		0F311FAE30526608002B12E9 /* Sources */ = {
			isa = PBXSourcesBuildPhase;
			buildActionMask = 2147483647;
			files = (
			);
			runOnlyForDeploymentPostprocessing = 0;
		};
		0F311FBB30526609002B12E9 /* Sources */ = {
			isa = PBXSourcesBuildPhase;
			buildActionMask = 2147483647;
			files = (
			);
			runOnlyForDeploymentPostprocessing = 0;
		};
		0F311FC530526609002B12E9 /* Sources */ = {
			isa = PBXSourcesBuildPhase;
			buildActionMask = 2147483647;
			files = (
			);
			runOnlyForDeploymentPostprocessing = 0;
		};
/* End PBXSourcesBuildPhase section */

/* Begin PBXTargetDependency section */
		0F311FC130526609002B12E9 /* PBXTargetDependency */ = {
			isa = PBXTargetDependency;
			target = 0F311FB130526608002B12E9 /* Umless */;
			targetProxy = 0F311FC030526609002B12E9 /* PBXContainerItemProxy */;
		};
		0F311FCB30526609002B12E9 /* PBXTargetDependency */ = {
			isa = PBXTargetDependency;
			target = 0F311FB130526608002B12E9 /* Umless */;
			targetProxy = 0F311FCA30526609002B12E9 /* PBXContainerItemProxy */;
		};
/* End PBXTargetDependency section */

/* Begin XCBuildConfiguration section */
		0F311FD130526609002B12E9 /* Debug */ = {
			isa = XCBuildConfiguration;
			buildSettings = {
				ALWAYS_SEARCH_USER_PATHS = NO;
				ASSETCATALOG_COMPILER_GENERATE_SWIFT_ASSET_SYMBOL_EXTENSIONS = YES;
				CLANG_ANALYZER_NONNULL = YES;
				CLANG_ANALYZER_NUMBER_OBJECT_CONVERSION = YES_AGGRESSIVE;
				CLANG_CXX_LANGUAGE_STANDARD = "gnu++20";
				CLANG_ENABLE_MODULES = YES;
				CLANG_ENABLE_OBJC_ARC = YES;
				CLANG_ENABLE_OBJC_WEAK = YES;
				CLANG_WARN_BLOCK_CAPTURE_AUTORELEASING = YES;
				CLANG_WARN_BOOL_CONVERSION = YES;
				CLANG_WARN_COMMA = YES;
				CLANG_WARN_CONSTANT_CONVERSION = YES;
				CLANG_WARN_DEPRECATED_OBJC_IMPLEMENTATIONS = YES;
				CLANG_WARN_DIRECT_OBJC_ISA_USAGE = YES_ERROR;
				CLANG_WARN_DOCUMENTATION_COMMENTS = YES;
				CLANG_WARN_EMPTY_BODY = YES;
				CLANG_WARN_ENUM_CONVERSION = YES;
				CLANG_WARN_INFINITE_RECURSION = YES;
				CLANG_WARN_INT_CONVERSION = YES;
				CLANG_WARN_NON_LITERAL_NULL_CONVERSION = YES;
				CLANG_WARN_OBJC_IMPLICIT_RETAIN_SELF = YES;
				CLANG_WARN_OBJC_LITERAL_CONVERSION = YES;
				CLANG_WARN_OBJC_ROOT_CLASS = YES_ERROR;
				CLANG_WARN_QUOTED_INCLUDE_IN_FRAMEWORK_HEADER = YES;
				CLANG_WARN_RANGE_LOOP_ANALYSIS = YES;
				CLANG_WARN_STRICT_PROTOTYPES = YES;
				CLANG_WARN_SUSPICIOUS_MOVE = YES;
				CLANG_WARN_UNGUARDED_AVAILABILITY = YES_AGGRESSIVE;
				CLANG_WARN_UNREACHABLE_CODE = YES;
				CLANG_WARN__DUPLICATE_METHOD_MATCH = YES;
				COPY_PHASE_STRIP = NO;
				DEBUG_INFORMATION_FORMAT = dwarf;
				DEVELOPMENT_TEAM = HPL74FCW8E;
				ENABLE_STRICT_OBJC_MSGSEND = YES;
				ENABLE_TESTABILITY = YES;
				ENABLE_USER_SCRIPT_SANDBOXING = YES;
				GCC_C_LANGUAGE_STANDARD = gnu17;
				GCC_DYNAMIC_NO_PIC = NO;
				GCC_NO_COMMON_BLOCKS = YES;
				GCC_OPTIMIZATION_LEVEL = 0;
				GCC_PREPROCESSOR_DEFINITIONS = (
					"DEBUG=1",
					"$(inherited)",
				);
				GCC_WARN_64_TO_32_BIT_CONVERSION = YES;
				GCC_WARN_ABOUT_RETURN_TYPE = YES_ERROR;
				GCC_WARN_UNDECLARED_SELECTOR = YES;
				GCC_WARN_UNINITIALIZED_AUTOS = YES_AGGRESSIVE;
				GCC_WARN_UNUSED_FUNCTION = YES;
				GCC_WARN_UNUSED_VARIABLE = YES;
				LOCALIZATION_PREFERS_STRING_CATALOGS = YES;
				MACOSX_DEPLOYMENT_TARGET = 26.5;
				MTL_ENABLE_DEBUG_INFO = INCLUDE_SOURCE;
				MTL_FAST_MATH = YES;
				ONLY_ACTIVE_ARCH = YES;
				SDKROOT = macosx;
				SWIFT_ACTIVE_COMPILATION_CONDITIONS = "DEBUG $(inherited)";
				SWIFT_OPTIMIZATION_LEVEL = "-Onone";
			};
			name = Debug;
		};
		0F311FD230526609002B12E9 /* Release */ = {
			isa = XCBuildConfiguration;
			buildSettings = {
				ALWAYS_SEARCH_USER_PATHS = NO;
				ASSETCATALOG_COMPILER_GENERATE_SWIFT_ASSET_SYMBOL_EXTENSIONS = YES;
				CLANG_ANALYZER_NONNULL = YES;
				CLANG_ANALYZER_NUMBER_OBJECT_CONVERSION = YES_AGGRESSIVE;
				CLANG_CXX_LANGUAGE_STANDARD = "gnu++20";
				CLANG_ENABLE_MODULES = YES;
				CLANG_ENABLE_OBJC_ARC = YES;
				CLANG_ENABLE_OBJC_WEAK = YES;
				CLANG_WARN_BLOCK_CAPTURE_AUTORELEASING = YES;
				CLANG_WARN_BOOL_CONVERSION = YES;
				CLANG_WARN_COMMA = YES;
				CLANG_WARN_CONSTANT_CONVERSION = YES;
				CLANG_WARN_DEPRECATED_OBJC_IMPLEMENTATIONS = YES;
				CLANG_WARN_DIRECT_OBJC_ISA_USAGE = YES_ERROR;
				CLANG_WARN_DOCUMENTATION_COMMENTS = YES;
				CLANG_WARN_EMPTY_BODY = YES;
				CLANG_WARN_ENUM_CONVERSION = YES;
				CLANG_WARN_INFINITE_RECURSION = YES;
				CLANG_WARN_INT_CONVERSION = YES;
				CLANG_WARN_NON_LITERAL_NULL_CONVERSION = YES;
				CLANG_WARN_OBJC_IMPLICIT_RETAIN_SELF = YES;
				CLANG_WARN_OBJC_LITERAL_CONVERSION = YES;
				CLANG_WARN_OBJC_ROOT_CLASS = YES_ERROR;
				CLANG_WARN_QUOTED_INCLUDE_IN_FRAMEWORK_HEADER = YES;
				CLANG_WARN_RANGE_LOOP_ANALYSIS = YES;
				CLANG_WARN_STRICT_PROTOTYPES = YES;
				CLANG_WARN_SUSPICIOUS_MOVE = YES;
				CLANG_WARN_UNGUARDED_AVAILABILITY = YES_AGGRESSIVE;
				CLANG_WARN_UNREACHABLE_CODE = YES;
				CLANG_WARN__DUPLICATE_METHOD_MATCH = YES;
				COPY_PHASE_STRIP = NO;
				DEBUG_INFORMATION_FORMAT = "dwarf-with-dsym";
				DEVELOPMENT_TEAM = HPL74FCW8E;
				ENABLE_NS_ASSERTIONS = NO;
				ENABLE_STRICT_OBJC_MSGSEND = YES;
				ENABLE_USER_SCRIPT_SANDBOXING = YES;
				GCC_C_LANGUAGE_STANDARD = gnu17;
				GCC_NO_COMMON_BLOCKS = YES;
				GCC_WARN_64_TO_32_BIT_CONVERSION = YES;
				GCC_WARN_ABOUT_RETURN_TYPE = YES_ERROR;
				GCC_WARN_UNDECLARED_SELECTOR = YES;
				GCC_WARN_UNINITIALIZED_AUTOS = YES_AGGRESSIVE;
				GCC_WARN_UNUSED_FUNCTION = YES;
				GCC_WARN_UNUSED_VARIABLE = YES;
				LOCALIZATION_PREFERS_STRING_CATALOGS = YES;
				MACOSX_DEPLOYMENT_TARGET = 26.5;
				MTL_ENABLE_DEBUG_INFO = NO;
				MTL_FAST_MATH = YES;
				SDKROOT = macosx;
				SWIFT_COMPILATION_MODE = wholemodule;
			};
			name = Release;
		};
		0F311FD430526609002B12E9 /* Debug */ = {
			isa = XCBuildConfiguration;
			buildSettings = {
				ASSETCATALOG_COMPILER_APPICON_NAME = AppIcon;
				ASSETCATALOG_COMPILER_GLOBAL_ACCENT_COLOR_NAME = AccentColor;
				CODE_SIGN_STYLE = Automatic;
				COMBINE_HIDPI_IMAGES = YES;
				CURRENT_PROJECT_VERSION = 3;
				DEVELOPMENT_TEAM = HPL74FCW8E;
				ENABLE_APP_SANDBOX = YES;
				ENABLE_HARDENED_RUNTIME = YES;
				ENABLE_PREVIEWS = YES;
				ENABLE_USER_SELECTED_FILES = readwrite;
				GENERATE_INFOPLIST_FILE = YES;
				INFOPLIST_KEY_NSHumanReadableCopyright = "";
				LD_RUNPATH_SEARCH_PATHS = (
					"$(inherited)",
					"@executable_path/../Frameworks",
				);
				MARKETING_VERSION = 1.0.2;
				PRODUCT_BUNDLE_IDENTIFIER = com.lisenhuang.Umless;
				PRODUCT_NAME = "$(TARGET_NAME)";
				REGISTER_APP_GROUPS = YES;
				STRING_CATALOG_GENERATE_SYMBOLS = YES;
				SWIFT_APPROACHABLE_CONCURRENCY = YES;
				SWIFT_DEFAULT_ACTOR_ISOLATION = MainActor;
				SWIFT_EMIT_LOC_STRINGS = YES;
				SWIFT_UPCOMING_FEATURE_MEMBER_IMPORT_VISIBILITY = YES;
				SWIFT_VERSION = 5.0;
			};
			name = Debug;
		};
		0F311FD530526609002B12E9 /* Release */ = {
			isa = XCBuildConfiguration;
			buildSettings = {
				ASSETCATALOG_COMPILER_APPICON_NAME = AppIcon;
				ASSETCATALOG_COMPILER_GLOBAL_ACCENT_COLOR_NAME = AccentColor;
				CODE_SIGN_STYLE = Automatic;
				COMBINE_HIDPI_IMAGES = YES;
				CURRENT_PROJECT_VERSION = 3;
				DEVELOPMENT_TEAM = HPL74FCW8E;
				ENABLE_APP_SANDBOX = YES;
				ENABLE_HARDENED_RUNTIME = YES;
				ENABLE_PREVIEWS = YES;
				ENABLE_USER_SELECTED_FILES = readwrite;
				GENERATE_INFOPLIST_FILE = YES;
				INFOPLIST_KEY_NSHumanReadableCopyright = "";
				LD_RUNPATH_SEARCH_PATHS = (
					"$(inherited)",
					"@executable_path/../Frameworks",
				);
				MARKETING_VERSION = 1.0.2;
				PRODUCT_BUNDLE_IDENTIFIER = com.lisenhuang.Umless;
				PRODUCT_NAME = "$(TARGET_NAME)";
				REGISTER_APP_GROUPS = YES;
				STRING_CATALOG_GENERATE_SYMBOLS = YES;
				SWIFT_APPROACHABLE_CONCURRENCY = YES;
				SWIFT_DEFAULT_ACTOR_ISOLATION = MainActor;
				SWIFT_EMIT_LOC_STRINGS = YES;
				SWIFT_UPCOMING_FEATURE_MEMBER_IMPORT_VISIBILITY = YES;
				SWIFT_VERSION = 5.0;
			};
			name = Release;
		};
		0F311FD730526609002B12E9 /* Debug */ = {
			isa = XCBuildConfiguration;
			buildSettings = {
				BUNDLE_LOADER = "$(TEST_HOST)";
				CODE_SIGN_STYLE = Automatic;
				CURRENT_PROJECT_VERSION = 3;
				DEVELOPMENT_TEAM = HPL74FCW8E;
				GENERATE_INFOPLIST_FILE = YES;
				MACOSX_DEPLOYMENT_TARGET = 26.5;
				MARKETING_VERSION = 1.0.2;
				PRODUCT_BUNDLE_IDENTIFIER = com.lisenhuang.UmlessTests;
				PRODUCT_NAME = "$(TARGET_NAME)";
				STRING_CATALOG_GENERATE_SYMBOLS = NO;
				SWIFT_APPROACHABLE_CONCURRENCY = YES;
				SWIFT_EMIT_LOC_STRINGS = NO;
				SWIFT_UPCOMING_FEATURE_MEMBER_IMPORT_VISIBILITY = YES;
				SWIFT_VERSION = 5.0;
				TEST_HOST = "$(BUILT_PRODUCTS_DIR)/Umless.app/$(BUNDLE_EXECUTABLE_FOLDER_PATH)/Umless";
			};
			name = Debug;
		};
		0F311FD830526609002B12E9 /* Release */ = {
			isa = XCBuildConfiguration;
			buildSettings = {
				BUNDLE_LOADER = "$(TEST_HOST)";
				CODE_SIGN_STYLE = Automatic;
				CURRENT_PROJECT_VERSION = 3;
				DEVELOPMENT_TEAM = HPL74FCW8E;
				GENERATE_INFOPLIST_FILE = YES;
				MACOSX_DEPLOYMENT_TARGET = 26.5;
				MARKETING_VERSION = 1.0.2;
				PRODUCT_BUNDLE_IDENTIFIER = com.lisenhuang.UmlessTests;
				PRODUCT_NAME = "$(TARGET_NAME)";
				STRING_CATALOG_GENERATE_SYMBOLS = NO;
				SWIFT_APPROACHABLE_CONCURRENCY = YES;
				SWIFT_EMIT_LOC_STRINGS = NO;
				SWIFT_UPCOMING_FEATURE_MEMBER_IMPORT_VISIBILITY = YES;
				SWIFT_VERSION = 5.0;
				TEST_HOST = "$(BUILT_PRODUCTS_DIR)/Umless.app/$(BUNDLE_EXECUTABLE_FOLDER_PATH)/Umless";
			};
			name = Release;
		};
		0F311FDA30526609002B12E9 /* Debug */ = {
			isa = XCBuildConfiguration;
			buildSettings = {
				CODE_SIGN_STYLE = Automatic;
				CURRENT_PROJECT_VERSION = 3;
				DEVELOPMENT_TEAM = HPL74FCW8E;
				GENERATE_INFOPLIST_FILE = YES;
				MARKETING_VERSION = 1.0.2;
				PRODUCT_BUNDLE_IDENTIFIER = com.lisenhuang.UmlessUITests;
				PRODUCT_NAME = "$(TARGET_NAME)";
				STRING_CATALOG_GENERATE_SYMBOLS = NO;
				SWIFT_APPROACHABLE_CONCURRENCY = YES;
				SWIFT_EMIT_LOC_STRINGS = NO;
				SWIFT_UPCOMING_FEATURE_MEMBER_IMPORT_VISIBILITY = YES;
				SWIFT_VERSION = 5.0;
				TEST_TARGET_NAME = Umless;
			};
			name = Debug;
		};
		0F311FDB30526609002B12E9 /* Release */ = {
			isa = XCBuildConfiguration;
			buildSettings = {
				CODE_SIGN_STYLE = Automatic;
				CURRENT_PROJECT_VERSION = 3;
				DEVELOPMENT_TEAM = HPL74FCW8E;
				GENERATE_INFOPLIST_FILE = YES;
				MARKETING_VERSION = 1.0.2;
				PRODUCT_BUNDLE_IDENTIFIER = com.lisenhuang.UmlessUITests;
				PRODUCT_NAME = "$(TARGET_NAME)";
				STRING_CATALOG_GENERATE_SYMBOLS = NO;
				SWIFT_APPROACHABLE_CONCURRENCY = YES;
				SWIFT_EMIT_LOC_STRINGS = NO;
				SWIFT_UPCOMING_FEATURE_MEMBER_IMPORT_VISIBILITY = YES;
				SWIFT_VERSION = 5.0;
				TEST_TARGET_NAME = Umless;
			};
			name = Release;
		};
/* End XCBuildConfiguration section */

/* Begin XCConfigurationList section */
		0F311FAD30526608002B12E9 /* Build configuration list for PBXProject "Umless" */ = {
			isa = XCConfigurationList;
			buildConfigurations = (
				0F311FD130526609002B12E9 /* Debug */,
				0F311FD230526609002B12E9 /* Release */,
			);
			defaultConfigurationIsVisible = 0;
			defaultConfigurationName = Release;
		};
		0F311FD330526609002B12E9 /* Build configuration list for PBXNativeTarget "Umless" */ = {
			isa = XCConfigurationList;
			buildConfigurations = (
				0F311FD430526609002B12E9 /* Debug */,
				0F311FD530526609002B12E9 /* Release */,
			);
			defaultConfigurationIsVisible = 0;
			defaultConfigurationName = Release;
		};
		0F311FD630526609002B12E9 /* Build configuration list for PBXNativeTarget "UmlessTests" */ = {
			isa = XCConfigurationList;
			buildConfigurations = (
				0F311FD730526609002B12E9 /* Debug */,
				0F311FD830526609002B12E9 /* Release */,
			);
			defaultConfigurationIsVisible = 0;
			defaultConfigurationName = Release;
		};
		0F311FD930526609002B12E9 /* Build configuration list for PBXNativeTarget "UmlessUITests" */ = {
			isa = XCConfigurationList;
			buildConfigurations = (
				0F311FDA30526609002B12E9 /* Debug */,
				0F311FDB30526609002B12E9 /* Release */,
			);
			defaultConfigurationIsVisible = 0;
			defaultConfigurationName = Release;
		};
/* End XCConfigurationList section */

/* Begin XCRemoteSwiftPackageReference section */
		0FAA000130526609002B12E9 /* XCRemoteSwiftPackageReference "desert-ant-core" */ = {
			isa = XCRemoteSwiftPackageReference;
			repositoryURL = "https://github.com/Desert-Ant-Labs/desert-ant-core";
			requirement = {
				kind = upToNextMajorVersion;
				minimumVersion = 3.1.0;
			};
		};
/* End XCRemoteSwiftPackageReference section */

/* Begin XCSwiftPackageProductDependency section */
		0FAA000230526609002B12E9 /* Uhm */ = {
			isa = XCSwiftPackageProductDependency;
			package = 0FAA000130526609002B12E9 /* XCRemoteSwiftPackageReference "desert-ant-core" */;
			productName = Uhm;
		};
/* End XCSwiftPackageProductDependency section */
	};
	rootObject = 0F311FAA30526608002B12E9 /* Project object */;
}
